
Microsoft Visual Studio Solution File, Format Version 12.00
# Visual Studio 15
VisualStudioVersion = 15.0.28010.0
MinimumVisualStudioVersion = 10.0.40219.1
Project("{FAE04EC0-301F-11D3-BF4B-00C04F79EFBC}") = "FizzBuzzFall18", "FizzBuzzFall18\FizzBuzzFall18.csproj", "{95AB98F4-57C8-4368-96C3-228F00541D17}"
EndProject
Project("{FAE04EC0-301F-11D3-BF4B-00C04F79EFBC}") = "FizzBuzzFall18.Tests", "FizzBuzzFall18.Tests\FizzBuzzFall18.Tests.csproj", "{2891FEB7-0A22-487F-B656-8CE8FC24E1A1}"
EndProject
Global
	GlobalSection(SolutionConfigurationPlatforms) = preSolution
		Debug|Any CPU = Debug|Any CPU
		Release|Any CPU = Release|Any CPU
	EndGlobalSection
	GlobalSection(ProjectConfigurationPlatforms) = postSolution
		{95AB98F4-57C8-4368-96C3-228F00541D17}.Debug|Any CPU.ActiveCfg = Debug|Any CPU
		{95AB98F4-57C8-4368-96C3-228F00541D17}.Debug|Any CPU.Build.0 = Debug|Any CPU
		{95AB98F4-57C8-4368-96C3-228F00541D17}.Release|Any CPU.ActiveCfg = Release|Any CPU
		{95AB98F4-57C8-4368-96C3-228F00541D17}.Release|Any CPU.Build.0 = Release|Any CPU
		{2891FEB7-0A22-487F-B656-8CE8FC24E1A1}.Debug|Any CPU.ActiveCfg = Debug|Any CPU
		{2891FEB7-0A22-487F-B656-8CE8FC24E1A1}.Debug|Any CPU.Build.0 = Debug|Any CPU
		{2891FEB7-0A22-487F-B656-8CE8FC24E1A1}.Release|Any CPU.ActiveCfg = Release|Any CPU
		{2891FEB7-0A22-487F-B656-8CE8FC24E1A1}.Release|Any CPU.Build.0 = Release|Any CPU
	EndGlobalSection
	GlobalSection(SolutionProperties) = preSolution
		HideSolutionNode = FALSE
	EndGlobalSection
	GlobalSection(ExtensibilityGlobals) = postSolution
		SolutionGuid = {E6DC2A46-2AB2-4851-A38A-4D14130A3966}
	EndGlobalSection
EndGlobal
